
Microsoft Visual Studio Solution File, Format Version 12.00
# Visual Studio Version 17
VisualStudioVersion = 17.3.32505.426
MinimumVisualStudioVersion = 10.0.40219.1
Project("{FAE04EC0-301F-11D3-BF4B-00C04F79EFBC}") = "snakeandlader", "snakeandlader\snakeandlader.csproj", "{A74F1AA1-58C1-421D-A28E-561842550072}"
EndProject
Global
	GlobalSection(SolutionConfigurationPlatforms) = preSolution
		Debug|Any CPU = Debug|Any CPU
		Release|Any CPU = Release|Any CPU
	EndGlobalSection
	GlobalSection(ProjectConfigurationPlatforms) = postSolution
		{A74F1AA1-58C1-421D-A28E-561842550072}.Debug|Any CPU.ActiveCfg = Debug|Any CPU
		{A74F1AA1-58C1-421D-A28E-561842550072}.Debug|Any CPU.Build.0 = Debug|Any CPU
		{A74F1AA1-58C1-421D-A28E-561842550072}.Release|Any CPU.ActiveCfg = Release|Any CPU
		{A74F1AA1-58C1-421D-A28E-561842550072}.Release|Any CPU.Build.0 = Release|Any CPU
	EndGlobalSection
	GlobalSection(SolutionProperties) = preSolution
		HideSolutionNode = FALSE
	EndGlobalSection
	GlobalSection(ExtensibilityGlobals) = postSolution
		SolutionGuid = {40DC98E2-BDA8-4CF1-B7A5-7354678E44D6}
	EndGlobalSection
EndGlobal
